
Microsoft Visual Studio Solution File, Format Version 12.00
# Visual Studio Version 17
VisualStudioVersion = 17.1.32228.430
MinimumVisualStudioVersion = 10.0.40219.1
Project("{FAE04EC0-301F-11D3-BF4B-00C04F79EFBC}") = "C-SharpSQLCRUD", "C-SharpSQLCRUD\C-SharpSQLCRUD.csproj", "{C771EB3D-E7DF-4F6D-AF34-B61FD8ADAB09}"
EndProject
Project("{00D1A9C2-B5F0-4AF3-8072-F6C62B433612}") = "CRUDDB", "CRUDDB\CRUDDB.sqlproj", "{C307D724-9400-4DC1-B5FC-134652294DE0}"
EndProject
Global
	GlobalSection(SolutionConfigurationPlatforms) = preSolution
		Debug|Any CPU = Debug|Any CPU
		Release|Any CPU = Release|Any CPU
	EndGlobalSection
	GlobalSection(ProjectConfigurationPlatforms) = postSolution
		{C771EB3D-E7DF-4F6D-AF34-B61FD8ADAB09}.Debug|Any CPU.ActiveCfg = Debug|Any CPU
		{C771EB3D-E7DF-4F6D-AF34-B61FD8ADAB09}.Debug|Any CPU.Build.0 = Debug|Any CPU
		{C771EB3D-E7DF-4F6D-AF34-B61FD8ADAB09}.Release|Any CPU.ActiveCfg = Release|Any CPU
		{C771EB3D-E7DF-4F6D-AF34-B61FD8ADAB09}.Release|Any CPU.Build.0 = Release|Any CPU
		{C307D724-9400-4DC1-B5FC-134652294DE0}.Debug|Any CPU.ActiveCfg = Debug|Any CPU
		{C307D724-9400-4DC1-B5FC-134652294DE0}.Debug|Any CPU.Build.0 = Debug|Any CPU
		{C307D724-9400-4DC1-B5FC-134652294DE0}.Debug|Any CPU.Deploy.0 = Debug|Any CPU
		{C307D724-9400-4DC1-B5FC-134652294DE0}.Release|Any CPU.ActiveCfg = Release|Any CPU
		{C307D724-9400-4DC1-B5FC-134652294DE0}.Release|Any CPU.Build.0 = Release|Any CPU
		{C307D724-9400-4DC1-B5FC-134652294DE0}.Release|Any CPU.Deploy.0 = Release|Any CPU
	EndGlobalSection
	GlobalSection(SolutionProperties) = preSolution
		HideSolutionNode = FALSE
	EndGlobalSection
	GlobalSection(ExtensibilityGlobals) = postSolution
		SolutionGuid = {43555291-5625-4CBF-A0F4-9924C087585A}
	EndGlobalSection
EndGlobal
